
Microsoft Visual Studio Solution File, Format Version 12.00
# Visual Studio Version 17
VisualStudioVersion = 17.11.35303.130
MinimumVisualStudioVersion = 10.0.40219.1
Project("{FAE04EC0-301F-11D3-BF4B-00C04F79EFBC}") = "FinancialCrm", "FinancialCrm\FinancialCrm.csproj", "{6628186D-AF54-4955-B766-2A1366A8AFE7}"
EndProject
Global
	GlobalSection(SolutionConfigurationPlatforms) = preSolution
		Debug|Any CPU = Debug|Any CPU
		Release|Any CPU = Release|Any CPU
	EndGlobalSection
	GlobalSection(ProjectConfigurationPlatforms) = postSolution
		{6628186D-AF54-4955-B766-2A1366A8AFE7}.Debug|Any CPU.ActiveCfg = Debug|Any CPU
		{6628186D-AF54-4955-B766-2A1366A8AFE7}.Debug|Any CPU.Build.0 = Debug|Any CPU
		{6628186D-AF54-4955-B766-2A1366A8AFE7}.Release|Any CPU.ActiveCfg = Release|Any CPU
		{6628186D-AF54-4955-B766-2A1366A8AFE7}.Release|Any CPU.Build.0 = Release|Any CPU
	EndGlobalSection
	GlobalSection(SolutionProperties) = preSolution
		HideSolutionNode = FALSE
	EndGlobalSection
	GlobalSection(ExtensibilityGlobals) = postSolution
		SolutionGuid = {670C839C-78C7-4E3E-8192-14EB83C3B774}
	EndGlobalSection
EndGlobal
